PODS:
  - AFNetworking (3.1.0):
    - AFNetworking/NSURLSession (= 3.1.0)
    - AFNetworking/Reachability (= 3.1.0)
    - AFNetworking/Security (= 3.1.0)
    - AFNetworking/Serialization (= 3.1.0)
    - AFNetworking/UIKit (= 3.1.0)
  - AFNetworking/NSURLSession (3.1.0):
    - AFNetworking/Reachability
    - AFNetworking/Security
    - AFNetworking/Serialization
  - AFNetworking/Reachability (3.1.0)
  - AFNetworking/Security (3.1.0)
  - AFNetworking/Serialization (3.1.0)
  - AFNetworking/UIKit (3.1.0):
    - AFNetworking/NSURLSession
  - AVOSCloud (3.2.8)
  - AVOSCloudIM (3.2.8):
    - AVOSCloud
  - FMDB (2.6.2):
    - FMDB/standard (= 2.6.2)
  - FMDB/standard (2.6.2)
  - HexColors (2.2.1)
  - JSQMessagesViewController (7.1.0):
    - JSQSystemSoundPlayer (~> 2.0.1)
  - JSQSystemSoundPlayer (2.0.1)
  - MBProgressHUD (0.9.2)
  - MJRefresh (3.1.0)
  - pop (1.0.9)
  - TSMessages (0.9.12):
    - HexColors (~> 2.2.0)

DEPENDENCIES:
  - AFNetworking (~> 3.1.0)
  - AVOSCloud
  - AVOSCloudIM
  - FMDB
  - JSQMessagesViewController (= 7.1.0)
  - MBProgressHUD (~> 0.9.2)
  - MJRefresh (~> 3.1.0)
  - pop (~> 1.0.9)
  - TSMessages

SPEC CHECKSUMS:
  AFNetworking: 5e0e199f73d8626b11e79750991f5d173d1f8b67
  AVOSCloud: b789619942a4275e615f8f0782e7475675951b95
  AVOSCloudIM: d2f6a13d64f9676a43e4d68b822bd1be3f96fb76
  FMDB: 854a0341b4726e53276f2a8996f06f1b80f9259a
  HexColors: abfd172e329dab59888614ccba6f216cec59289d
  JSQMessagesViewController: ca11f86fa68ca70835f05e169df9244147c1dc40
  JSQSystemSoundPlayer: c5850e77a4363ffd374cd851154b9af93264ed8d
  MBProgressHUD: 1569cf7ace17a8bac47aabfbb8580a49690386d1
  MJRefresh: 743e6404967d1c2c688472ea3ecfde247d872db4
  pop: f667631a5108a2e60d9e8797c9b32ddaf2080bce
  TSMessages: c8cc7b80f2a833af533872cd02010cac061532cc

COCOAPODS: 0.38.2
